
Microsoft Visual Studio Solution File, Format Version 12.00
# Visual Studio 15
VisualStudioVersion = 15.0.28010.2016
MinimumVisualStudioVersion = 10.0.40219.1
Project("{FAE04EC0-301F-11D3-BF4B-00C04F79EFBC}") = "Projekt 3 - Web Client", "Projekt 3 - Web Client\Projekt 3 - Web Client.csproj", "{ED50A7BA-1AE3-4933-80A8-454D9188D550}"
EndProject
Global
	GlobalSection(SolutionConfigurationPlatforms) = preSolution
		Debug|Any CPU = Debug|Any CPU
		Release|Any CPU = Release|Any CPU
	EndGlobalSection
	GlobalSection(ProjectConfigurationPlatforms) = postSolution
		{ED50A7BA-1AE3-4933-80A8-454D9188D550}.Debug|Any CPU.ActiveCfg = Debug|Any CPU
		{ED50A7BA-1AE3-4933-80A8-454D9188D550}.Debug|Any CPU.Build.0 = Debug|Any CPU
		{ED50A7BA-1AE3-4933-80A8-454D9188D550}.Release|Any CPU.ActiveCfg = Release|Any CPU
		{ED50A7BA-1AE3-4933-80A8-454D9188D550}.Release|Any CPU.Build.0 = Release|Any CPU
	EndGlobalSection
	GlobalSection(SolutionProperties) = preSolution
		HideSolutionNode = FALSE
	EndGlobalSection
	GlobalSection(ExtensibilityGlobals) = postSolution
		SolutionGuid = {56C890E8-EB9C-4279-8230-16F7CE73A34B}
	EndGlobalSection
EndGlobal
