
Microsoft Visual Studio Solution File, Format Version 12.00
# Visual Studio 15
VisualStudioVersion = 15.0.28010.2036
MinimumVisualStudioVersion = 10.0.40219.1
Project("{FAE04EC0-301F-11D3-BF4B-00C04F79EFBC}") = "PopcornTime 2.0", "PopcornTime 2.0\PopcornTime 2.0.csproj", "{35E3E912-F635-49C2-8E90-7060A4E47029}"
EndProject
Global
	GlobalSection(SolutionConfigurationPlatforms) = preSolution
		Debug|Any CPU = Debug|Any CPU
		Release|Any CPU = Release|Any CPU
	EndGlobalSection
	GlobalSection(ProjectConfigurationPlatforms) = postSolution
		{35E3E912-F635-49C2-8E90-7060A4E47029}.Debug|Any CPU.ActiveCfg = Debug|Any CPU
		{35E3E912-F635-49C2-8E90-7060A4E47029}.Debug|Any CPU.Build.0 = Debug|Any CPU
		{35E3E912-F635-49C2-8E90-7060A4E47029}.Release|Any CPU.ActiveCfg = Release|Any CPU
		{35E3E912-F635-49C2-8E90-7060A4E47029}.Release|Any CPU.Build.0 = Release|Any CPU
	EndGlobalSection
	GlobalSection(SolutionProperties) = preSolution
		HideSolutionNode = FALSE
	EndGlobalSection
	GlobalSection(ExtensibilityGlobals) = postSolution
		SolutionGuid = {F3539D95-B5DF-4E04-9A88-AD8AC268DC75}
	EndGlobalSection
EndGlobal
